
Microsoft Visual Studio Solution File, Format Version 12.00
# Visual Studio 14
VisualStudioVersion = 14.0.23107.0
MinimumVisualStudioVersion = 10.0.40219.1
Project("{FAE04EC0-301F-11D3-BF4B-00C04F79EFBC}") = "OanaMariaPalcu", "OanaMariaPalcu\OanaMariaPalcu.csproj", "{5B44F927-0CD9-42B8-AAE7-8654695B96EB}"
EndProject
Project("{FAE04EC0-301F-11D3-BF4B-00C04F79EFBC}") = "Server", "Server\Server.csproj", "{3137FFD1-452C-4E1C-B3A7-852FBEF14E61}"
EndProject
Global
	GlobalSection(SolutionConfigurationPlatforms) = preSolution
		Debug|Any CPU = Debug|Any CPU
		Release|Any CPU = Release|Any CPU
	EndGlobalSection
	GlobalSection(ProjectConfigurationPlatforms) = postSolution
		{5B44F927-0CD9-42B8-AAE7-8654695B96EB}.Debug|Any CPU.ActiveCfg = Debug|Any CPU
		{5B44F927-0CD9-42B8-AAE7-8654695B96EB}.Debug|Any CPU.Build.0 = Debug|Any CPU
		{5B44F927-0CD9-42B8-AAE7-8654695B96EB}.Release|Any CPU.ActiveCfg = Release|Any CPU
		{5B44F927-0CD9-42B8-AAE7-8654695B96EB}.Release|Any CPU.Build.0 = Release|Any CPU
		{3137FFD1-452C-4E1C-B3A7-852FBEF14E61}.Debug|Any CPU.ActiveCfg = Debug|Any CPU
		{3137FFD1-452C-4E1C-B3A7-852FBEF14E61}.Debug|Any CPU.Build.0 = Debug|Any CPU
		{3137FFD1-452C-4E1C-B3A7-852FBEF14E61}.Release|Any CPU.ActiveCfg = Release|Any CPU
		{3137FFD1-452C-4E1C-B3A7-852FBEF14E61}.Release|Any CPU.Build.0 = Release|Any CPU
	EndGlobalSection
	GlobalSection(SolutionProperties) = preSolution
		HideSolutionNode = FALSE
	EndGlobalSection
EndGlobal
